// !$*UTF8*$!
{
	archiveVersion = 1;
	classes = {
	};
	objectVersion = 48;
	objects = {

/* Begin PBXBuildFile section */
		659AC37B2067F81200C3535B /* NotificationsViewController.swift in Sources */ = {isa = PBXBuildFile; fileRef = 659AC37A2067F81200C3535B /* NotificationsViewController.swift */; };
		659AC37F2068119300C3535B /* NotificationsTableViewCell.swift in Sources */ = {isa = PBXBuildFile; fileRef = 659AC37E2068119300C3535B /* NotificationsTableViewCell.swift */; };
		BF32B63A206C3A670054E5C2 /* AmenityCollectionViewCell.swift in Sources */ = {isa = PBXBuildFile; fileRef = BF32B639206C3A670054E5C2 /* AmenityCollectionViewCell.swift */; };
		BF32B63C206C64B00054E5C2 /* OutletsLocationViewController.swift in Sources */ = {isa = PBXBuildFile; fileRef = BF32B63B206C64B00054E5C2 /* OutletsLocationViewController.swift */; };
		BF34B567206BE16C0064C184 /* BlockedOfferViewController.swift in Sources */ = {isa = PBXBuildFile; fileRef = BF34B566206BE16C0064C184 /* BlockedOfferViewController.swift */; };
		BF388F7C205783F400117674 /* RedeemViewController.swift in Sources */ = {isa = PBXBuildFile; fileRef = BF388F7B205783F400117674 /* RedeemViewController.swift */; };
		BF388F7E20579FB900117674 /* RedeemPinUserViewController.swift in Sources */ = {isa = PBXBuildFile; fileRef = BF388F7D20579FB900117674 /* RedeemPinUserViewController.swift */; };
		BF388F802057BBDD00117674 /* RedeemPinOutletViewController.swift in Sources */ = {isa = PBXBuildFile; fileRef = BF388F7F2057BBDD00117674 /* RedeemPinOutletViewController.swift */; };
		BF3C80F5205D7DF1000FBCF8 /* LoginViewController.swift in Sources */ = {isa = PBXBuildFile; fileRef = BF3C80F4205D7DF1000FBCF8 /* LoginViewController.swift */; };
		BF75159F204E497A003591C0 /* DatabaseExtension.swift in Sources */ = {isa = PBXBuildFile; fileRef = BF75159E204E497A003591C0 /* DatabaseExtension.swift */; };
		BF7515A5204F127C003591C0 /* OutletDetailsViewController.swift in Sources */ = {isa = PBXBuildFile; fileRef = BF7515A4204F127C003591C0 /* OutletDetailsViewController.swift */; };
		BF834FA1206AAB4B00A1556D /* PurchaseHistoryTableViewCell.swift in Sources */ = {isa = PBXBuildFile; fileRef = BF834FA0206AAB4B00A1556D /* PurchaseHistoryTableViewCell.swift */; };
		BF834FA3206AAC8C00A1556D /* PurchaseHistoryViewController.swift in Sources */ = {isa = PBXBuildFile; fileRef = BF834FA2206AAC8C00A1556D /* PurchaseHistoryViewController.swift */; };
		BF837076205E13A9003B8D21 /* SettingsViewController.swift in Sources */ = {isa = PBXBuildFile; fileRef = BF837075205E13A9003B8D21 /* SettingsViewController.swift */; };
		BF85BB902062BFBA0089A9ED /* SelectInitialOffersViewController.swift in Sources */ = {isa = PBXBuildFile; fileRef = BF85BB8F2062BFBA0089A9ED /* SelectInitialOffersViewController.swift */; };
		BF85BB922063DF990089A9ED /* ViewSavingsViewController.swift in Sources */ = {isa = PBXBuildFile; fileRef = BF85BB912063DF990089A9ED /* ViewSavingsViewController.swift */; };
		BF85BB94206401540089A9ED /* ForgotPasswordViewController.swift in Sources */ = {isa = PBXBuildFile; fileRef = BF85BB93206401540089A9ED /* ForgotPasswordViewController.swift */; };
		BF85BB96206411620089A9ED /* ResetPinViewController.swift in Sources */ = {isa = PBXBuildFile; fileRef = BF85BB95206411610089A9ED /* ResetPinViewController.swift */; };
		BF85BB98206422FB0089A9ED /* UserProfileViewController.swift in Sources */ = {isa = PBXBuildFile; fileRef = BF85BB97206422FB0089A9ED /* UserProfileViewController.swift */; };
		BF85BB9A206440530089A9ED /* CartViewController.swift in Sources */ = {isa = PBXBuildFile; fileRef = BF85BB99206440530089A9ED /* CartViewController.swift */; };
		BFA519092060757A0098859B /* CreateAccountViewController.swift in Sources */ = {isa = PBXBuildFile; fileRef = BFA519082060757A0098859B /* CreateAccountViewController.swift */; };
		BFA5190B206088440098859B /* SetUserPinViewController.swift in Sources */ = {isa = PBXBuildFile; fileRef = BFA5190A206088440098859B /* SetUserPinViewController.swift */; };
		BFA5190D206175EA0098859B /* LocationsTableViewCell.swift in Sources */ = {isa = PBXBuildFile; fileRef = BFA5190C206175EA0098859B /* LocationsTableViewCell.swift */; };
		BFA5190F2061774E0098859B /* SelectLocationsViewController.swift in Sources */ = {isa = PBXBuildFile; fileRef = BFA5190E2061774E0098859B /* SelectLocationsViewController.swift */; };
		BFB7FBD4204832BC000522E8 /* AppDelegate.swift in Sources */ = {isa = PBXBuildFile; fileRef = BFB7FBD3204832BC000522E8 /* AppDelegate.swift */; };
		BFB7FBD6204832BC000522E8 /* ViewController.swift in Sources */ = {isa = PBXBuildFile; fileRef = BFB7FBD5204832BC000522E8 /* ViewController.swift */; };
		BFB7FBD9204832BC000522E8 /* Main.storyboard in Resources */ = {isa = PBXBuildFile; fileRef = BFB7FBD7204832BC000522E8 /* Main.storyboard */; };
		BFB7FBDB204832BC000522E8 /* Assets.xcassets in Resources */ = {isa = PBXBuildFile; fileRef = BFB7FBDA204832BC000522E8 /* Assets.xcassets */; };
		BFB7FBDE204832BC000522E8 /* LaunchScreen.storyboard in Resources */ = {isa = PBXBuildFile; fileRef = BFB7FBDC204832BC000522E8 /* LaunchScreen.storyboard */; };
		BFB7FBE9204832BC000522E8 /* Access_Algarve_LightTests.swift in Sources */ = {isa = PBXBuildFile; fileRef = BFB7FBE8204832BC000522E8 /* Access_Algarve_LightTests.swift */; };
		BFB7FBF4204832BC000522E8 /* Access_Algarve_LightUITests.swift in Sources */ = {isa = PBXBuildFile; fileRef = BFB7FBF3204832BC000522E8 /* Access_Algarve_LightUITests.swift */; };
		BFB7FC032048350B000522E8 /* MapKit.framework in Frameworks */ = {isa = PBXBuildFile; fileRef = BFB7FC022048350B000522E8 /* MapKit.framework */; };
		BFB7FC0920483C21000522E8 /* JennaSue.ttf in Resources */ = {isa = PBXBuildFile; fileRef = BFB7FC0820483C21000522E8 /* JennaSue.ttf */; };
		BFB7FC1C20483CE2000522E8 /* SinkinSans-500MediumItalic.ttf in Resources */ = {isa = PBXBuildFile; fileRef = BFB7FC0A20483CD9000522E8 /* SinkinSans-500MediumItalic.ttf */; };
		BFB7FC1D20483CE2000522E8 /* SinkinSans-100ThinItalic.ttf in Resources */ = {isa = PBXBuildFile; fileRef = BFB7FC0B20483CDA000522E8 /* SinkinSans-100ThinItalic.ttf */; };
		BFB7FC1E20483CE2000522E8 /* SinkinSans-500Medium.ttf in Resources */ = {isa = PBXBuildFile; fileRef = BFB7FC0C20483CDA000522E8 /* SinkinSans-500Medium.ttf */; };
		BFB7FC1F20483CE3000522E8 /* SinkinSans-600SemiBoldItali.ttf in Resources */ = {isa = PBXBuildFile; fileRef = BFB7FC0D20483CDA000522E8 /* SinkinSans-600SemiBoldItali.ttf */; };
		BFB7FC2020483CE3000522E8 /* SinkinSans-700BoldItalic.ttf in Resources */ = {isa = PBXBuildFile; fileRef = BFB7FC0E20483CDB000522E8 /* SinkinSans-700BoldItalic.ttf */; };
		BFB7FC2120483CE3000522E8 /* SinkinSans-200XLight.ttf in Resources */ = {isa = PBXBuildFile; fileRef = BFB7FC0F20483CDC000522E8 /* SinkinSans-200XLight.ttf */; };
		BFB7FC2220483CE3000522E8 /* SinkinSans-800Black.ttf in Resources */ = {isa = PBXBuildFile; fileRef = BFB7FC1020483CDC000522E8 /* SinkinSans-800Black.ttf */; };
		BFB7FC2320483CE3000522E8 /* SinkinSans-400Regular.ttf in Resources */ = {isa = PBXBuildFile; fileRef = BFB7FC1120483CDC000522E8 /* SinkinSans-400Regular.ttf */; };
		BFB7FC2420483CE3000522E8 /* SinkinSans-800BlackItalic.ttf in Resources */ = {isa = PBXBuildFile; fileRef = BFB7FC1220483CDD000522E8 /* SinkinSans-800BlackItalic.ttf */; };
		BFB7FC2520483CE3000522E8 /* SinkinSans-300Light.ttf in Resources */ = {isa = PBXBuildFile; fileRef = BFB7FC1320483CDE000522E8 /* SinkinSans-300Light.ttf */; };
		BFB7FC2620483CE3000522E8 /* SinkinSans-100Thin.ttf in Resources */ = {isa = PBXBuildFile; fileRef = BFB7FC1420483CDE000522E8 /* SinkinSans-100Thin.ttf */; };
		BFB7FC2720483CE3000522E8 /* SinkinSans-300LightItalic.ttf in Resources */ = {isa = PBXBuildFile; fileRef = BFB7FC1520483CDF000522E8 /* SinkinSans-300LightItalic.ttf */; };
		BFB7FC2820483CE3000522E8 /* SinkinSans-900XBlackItalic.ttf in Resources */ = {isa = PBXBuildFile; fileRef = BFB7FC1620483CE0000522E8 /* SinkinSans-900XBlackItalic.ttf */; };
		BFB7FC2920483CE3000522E8 /* SinkinSans-200XLightItalic.ttf in Resources */ = {isa = PBXBuildFile; fileRef = BFB7FC1720483CE0000522E8 /* SinkinSans-200XLightItalic.ttf */; };
		BFB7FC2A20483CE3000522E8 /* SinkinSans-400Italic.ttf in Resources */ = {isa = PBXBuildFile; fileRef = BFB7FC1820483CE1000522E8 /* SinkinSans-400Italic.ttf */; };
		BFB7FC2B20483CE3000522E8 /* SinkinSans-700Bold.ttf in Resources */ = {isa = PBXBuildFile; fileRef = BFB7FC1920483CE1000522E8 /* SinkinSans-700Bold.ttf */; };
		BFB7FC2C20483CE3000522E8 /* SinkinSans-900XBlack.ttf in Resources */ = {isa = PBXBuildFile; fileRef = BFB7FC1A20483CE2000522E8 /* SinkinSans-900XBlack.ttf */; };
		BFB7FC2D20483CE3000522E8 /* SinkinSans-600SemiBold.ttf in Resources */ = {isa = PBXBuildFile; fileRef = BFB7FC1B20483CE2000522E8 /* SinkinSans-600SemiBold.ttf */; };
		BFB7FC2F204895ED000522E8 /* ViewControllerTableViewCell.swift in Sources */ = {isa = PBXBuildFile; fileRef = BFB7FC2E204895ED000522E8 /* ViewControllerTableViewCell.swift */; };
		BFB7FC3520490101000522E8 /* OutletsViewController.swift in Sources */ = {isa = PBXBuildFile; fileRef = BFB7FC3420490101000522E8 /* OutletsViewController.swift */; };
		BFC2E590206766F50031836C /* FavouritesViewController.swift in Sources */ = {isa = PBXBuildFile; fileRef = BFC2E58F206766F50031836C /* FavouritesViewController.swift */; };
		BFCAD910206A0518004F6742 /* UsedOffersViewController.swift in Sources */ = {isa = PBXBuildFile; fileRef = BFCAD90F206A0518004F6742 /* UsedOffersViewController.swift */; };
		BFDC2B1C20697FF400F22300 /* SearchResultsViewController.swift in Sources */ = {isa = PBXBuildFile; fileRef = BFDC2B1B20697FF400F22300 /* SearchResultsViewController.swift */; };
		BFF6263E205AFBF7000F9CAE /* RedeemSuccessViewController.swift in Sources */ = {isa = PBXBuildFile; fileRef = BFF6263D205AFBF7000F9CAE /* RedeemSuccessViewController.swift */; };
		BFF62642205B8FD8000F9CAE /* OutletLocationViewController.swift in Sources */ = {isa = PBXBuildFile; fileRef = BFF62641205B8FD8000F9CAE /* OutletLocationViewController.swift */; };
		BFFA8956205C592100FC55B2 /* Extensions.swift in Sources */ = {isa = PBXBuildFile; fileRef = BFFA8955205C592100FC55B2 /* Extensions.swift */; };
/* End PBXBuildFile section */

/* Begin PBXContainerItemProxy section */
		BFB7FBE5204832BC000522E8 /* PBXContainerItemProxy */ = {
			isa = PBXContainerItemProxy;
			containerPortal = BFB7FBC8204832BC000522E8 /* Project object */;
			proxyType = 1;
			remoteGlobalIDString = BFB7FBCF204832BC000522E8;
			remoteInfo = "Access Algarve Light";
		};
		BFB7FBF0204832BC000522E8 /* PBXContainerItemProxy */ = {
			isa = PBXContainerItemProxy;
			containerPortal = BFB7FBC8204832BC000522E8 /* Project object */;
			proxyType = 1;
			remoteGlobalIDString = BFB7FBCF204832BC000522E8;
			remoteInfo = "Access Algarve Light";
		};
/* End PBXContainerItemProxy section */

/* Begin PBXFileReference section */
		659AC37A2067F81200C3535B /* NotificationsViewController.swift */ = {isa = PBXFileReference; lastKnownFileType = sourcecode.swift; path = NotificationsViewController.swift; sourceTree = "<group>"; };
		659AC37E2068119300C3535B /* NotificationsTableViewCell.swift */ = {isa = PBXFileReference; lastKnownFileType = sourcecode.swift; path = NotificationsTableViewCell.swift; sourceTree = "<group>"; };
		BF32B639206C3A670054E5C2 /* AmenityCollectionViewCell.swift */ = {isa = PBXFileReference; lastKnownFileType = sourcecode.swift; path = AmenityCollectionViewCell.swift; sourceTree = "<group>"; };
		BF32B63B206C64B00054E5C2 /* OutletsLocationViewController.swift */ = {isa = PBXFileReference; lastKnownFileType = sourcecode.swift; path = OutletsLocationViewController.swift; sourceTree = "<group>"; };
		BF34B566206BE16C0064C184 /* BlockedOfferViewController.swift */ = {isa = PBXFileReference; lastKnownFileType = sourcecode.swift; path = BlockedOfferViewController.swift; sourceTree = "<group>"; };
		BF388F7B205783F400117674 /* RedeemViewController.swift */ = {isa = PBXFileReference; lastKnownFileType = sourcecode.swift; path = RedeemViewController.swift; sourceTree = "<group>"; };
		BF388F7D20579FB900117674 /* RedeemPinUserViewController.swift */ = {isa = PBXFileReference; lastKnownFileType = sourcecode.swift; path = RedeemPinUserViewController.swift; sourceTree = "<group>"; };
		BF388F7F2057BBDD00117674 /* RedeemPinOutletViewController.swift */ = {isa = PBXFileReference; lastKnownFileType = sourcecode.swift; path = RedeemPinOutletViewController.swift; sourceTree = "<group>"; };
		BF3C80F4205D7DF1000FBCF8 /* LoginViewController.swift */ = {isa = PBXFileReference; lastKnownFileType = sourcecode.swift; path = LoginViewController.swift; sourceTree = "<group>"; };
		BF75159E204E497A003591C0 /* DatabaseExtension.swift */ = {isa = PBXFileReference; lastKnownFileType = sourcecode.swift; path = DatabaseExtension.swift; sourceTree = "<group>"; };
		BF7515A4204F127C003591C0 /* OutletDetailsViewController.swift */ = {isa = PBXFileReference; lastKnownFileType = sourcecode.swift; path = OutletDetailsViewController.swift; sourceTree = "<group>"; };
		BF834FA0206AAB4B00A1556D /* PurchaseHistoryTableViewCell.swift */ = {isa = PBXFileReference; lastKnownFileType = sourcecode.swift; path = PurchaseHistoryTableViewCell.swift; sourceTree = "<group>"; };
		BF834FA2206AAC8C00A1556D /* PurchaseHistoryViewController.swift */ = {isa = PBXFileReference; lastKnownFileType = sourcecode.swift; path = PurchaseHistoryViewController.swift; sourceTree = "<group>"; };
		BF837075205E13A9003B8D21 /* SettingsViewController.swift */ = {isa = PBXFileReference; lastKnownFileType = sourcecode.swift; path = SettingsViewController.swift; sourceTree = "<group>"; };
		BF85BB8F2062BFBA0089A9ED /* SelectInitialOffersViewController.swift */ = {isa = PBXFileReference; lastKnownFileType = sourcecode.swift; path = SelectInitialOffersViewController.swift; sourceTree = "<group>"; };
		BF85BB912063DF990089A9ED /* ViewSavingsViewController.swift */ = {isa = PBXFileReference; lastKnownFileType = sourcecode.swift; path = ViewSavingsViewController.swift; sourceTree = "<group>"; };
		BF85BB93206401540089A9ED /* ForgotPasswordViewController.swift */ = {isa = PBXFileReference; lastKnownFileType = sourcecode.swift; path = ForgotPasswordViewController.swift; sourceTree = "<group>"; };
		BF85BB95206411610089A9ED /* ResetPinViewController.swift */ = {isa = PBXFileReference; lastKnownFileType = sourcecode.swift; path = ResetPinViewController.swift; sourceTree = "<group>"; };
		BF85BB97206422FB0089A9ED /* UserProfileViewController.swift */ = {isa = PBXFileReference; lastKnownFileType = sourcecode.swift; path = UserProfileViewController.swift; sourceTree = "<group>"; };
		BF85BB99206440530089A9ED /* CartViewController.swift */ = {isa = PBXFileReference; lastKnownFileType = sourcecode.swift; path = CartViewController.swift; sourceTree = "<group>"; };
		BFA519082060757A0098859B /* CreateAccountViewController.swift */ = {isa = PBXFileReference; lastKnownFileType = sourcecode.swift; path = CreateAccountViewController.swift; sourceTree = "<group>"; };
		BFA5190A206088440098859B /* SetUserPinViewController.swift */ = {isa = PBXFileReference; lastKnownFileType = sourcecode.swift; path = SetUserPinViewController.swift; sourceTree = "<group>"; };
		BFA5190C206175EA0098859B /* LocationsTableViewCell.swift */ = {isa = PBXFileReference; lastKnownFileType = sourcecode.swift; path = LocationsTableViewCell.swift; sourceTree = "<group>"; };
		BFA5190E2061774E0098859B /* SelectLocationsViewController.swift */ = {isa = PBXFileReference; lastKnownFileType = sourcecode.swift; path = SelectLocationsViewController.swift; sourceTree = "<group>"; };
		BFB7FBD0204832BC000522E8 /* Access Algarve.app */ = {isa = PBXFileReference; explicitFileType = wrapper.application; includeInIndex = 0; path = "Access Algarve.app"; sourceTree = BUILT_PRODUCTS_DIR; };
		BFB7FBD3204832BC000522E8 /* AppDelegate.swift */ = {isa = PBXFileReference; lastKnownFileType = sourcecode.swift; path = AppDelegate.swift; sourceTree = "<group>"; };
		BFB7FBD5204832BC000522E8 /* ViewController.swift */ = {isa = PBXFileReference; lastKnownFileType = sourcecode.swift; path = ViewController.swift; sourceTree = "<group>"; };
		BFB7FBD8204832BC000522E8 /* Base */ = {isa = PBXFileReference; lastKnownFileType = file.storyboard; name = Base; path = Base.lproj/Main.storyboard; sourceTree = "<group>"; };
		BFB7FBDA204832BC000522E8 /* Assets.xcassets */ = {isa = PBXFileReference; lastKnownFileType = folder.assetcatalog; path = Assets.xcassets; sourceTree = "<group>"; };
		BFB7FBDD204832BC000522E8 /* Base */ = {isa = PBXFileReference; lastKnownFileType = file.storyboard; name = Base; path = Base.lproj/LaunchScreen.storyboard; sourceTree = "<group>"; };
		BFB7FBDF204832BC000522E8 /* Info.plist */ = {isa = PBXFileReference; lastKnownFileType = text.plist.xml; path = Info.plist; sourceTree = "<group>"; };
		BFB7FBE4204832BC000522E8 /* Access AlgarveTests.xctest */ = {isa = PBXFileReference; explicitFileType = wrapper.cfbundle; includeInIndex = 0; path = "Access AlgarveTests.xctest"; sourceTree = BUILT_PRODUCTS_DIR; };
		BFB7FBE8204832BC000522E8 /* Access_Algarve_LightTests.swift */ = {isa = PBXFileReference; lastKnownFileType = sourcecode.swift; path = Access_Algarve_LightTests.swift; sourceTree = "<group>"; };
		BFB7FBEA204832BC000522E8 /* Info.plist */ = {isa = PBXFileReference; lastKnownFileType = text.plist.xml; path = Info.plist; sourceTree = "<group>"; };
		BFB7FBEF204832BC000522E8 /* Access AlgarveUITests.xctest */ = {isa = PBXFileReference; explicitFileType = wrapper.cfbundle; includeInIndex = 0; path = "Access AlgarveUITests.xctest"; sourceTree = BUILT_PRODUCTS_DIR; };
		BFB7FBF3204832BC000522E8 /* Access_Algarve_LightUITests.swift */ = {isa = PBXFileReference; lastKnownFileType = sourcecode.swift; path = Access_Algarve_LightUITests.swift; sourceTree = "<group>"; };
		BFB7FBF5204832BC000522E8 /* Info.plist */ = {isa = PBXFileReference; lastKnownFileType = text.plist.xml; path = Info.plist; sourceTree = "<group>"; };
		BFB7FC022048350B000522E8 /* MapKit.framework */ = {isa = PBXFileReference; lastKnownFileType = wrapper.framework; name = MapKit.framework; path = System/Library/Frameworks/MapKit.framework; sourceTree = SDKROOT; };
		BFB7FC0820483C21000522E8 /* JennaSue.ttf */ = {isa = PBXFileReference; lastKnownFileType = file; path = JennaSue.ttf; sourceTree = "<group>"; };
		BFB7FC0A20483CD9000522E8 /* SinkinSans-500MediumItalic.ttf */ = {isa = PBXFileReference; lastKnownFileType = file; path = "SinkinSans-500MediumItalic.ttf"; sourceTree = "<group>"; };
		BFB7FC0B20483CDA000522E8 /* SinkinSans-100ThinItalic.ttf */ = {isa = PBXFileReference; lastKnownFileType = file; path = "SinkinSans-100ThinItalic.ttf"; sourceTree = "<group>"; };
		BFB7FC0C20483CDA000522E8 /* SinkinSans-500Medium.ttf */ = {isa = PBXFileReference; lastKnownFileType = file; path = "SinkinSans-500Medium.ttf"; sourceTree = "<group>"; };
		BFB7FC0D20483CDA000522E8 /* SinkinSans-600SemiBoldItali.ttf */ = {isa = PBXFileReference; lastKnownFileType = file; path = "SinkinSans-600SemiBoldItali.ttf"; sourceTree = "<group>"; };
		BFB7FC0E20483CDB000522E8 /* SinkinSans-700BoldItalic.ttf */ = {isa = PBXFileReference; lastKnownFileType = file; path = "SinkinSans-700BoldItalic.ttf"; sourceTree = "<group>"; };
		BFB7FC0F20483CDC000522E8 /* SinkinSans-200XLight.ttf */ = {isa = PBXFileReference; lastKnownFileType = file; path = "SinkinSans-200XLight.ttf"; sourceTree = "<group>"; };
		BFB7FC1020483CDC000522E8 /* SinkinSans-800Black.ttf */ = {isa = PBXFileReference; lastKnownFileType = file; path = "SinkinSans-800Black.ttf"; sourceTree = "<group>"; };
		BFB7FC1120483CDC000522E8 /* SinkinSans-400Regular.ttf */ = {isa = PBXFileReference; lastKnownFileType = file; path = "SinkinSans-400Regular.ttf"; sourceTree = "<group>"; };
		BFB7FC1220483CDD000522E8 /* SinkinSans-800BlackItalic.ttf */ = {isa = PBXFileReference; lastKnownFileType = file; path = "SinkinSans-800BlackItalic.ttf"; sourceTree = "<group>"; };
		BFB7FC1320483CDE000522E8 /* SinkinSans-300Light.ttf */ = {isa = PBXFileReference; lastKnownFileType = file; path = "SinkinSans-300Light.ttf"; sourceTree = "<group>"; };
		BFB7FC1420483CDE000522E8 /* SinkinSans-100Thin.ttf */ = {isa = PBXFileReference; lastKnownFileType = file; path = "SinkinSans-100Thin.ttf"; sourceTree = "<group>"; };
		BFB7FC1520483CDF000522E8 /* SinkinSans-300LightItalic.ttf */ = {isa = PBXFileReference; lastKnownFileType = file; path = "SinkinSans-300LightItalic.ttf"; sourceTree = "<group>"; };
		BFB7FC1620483CE0000522E8 /* SinkinSans-900XBlackItalic.ttf */ = {isa = PBXFileReference; lastKnownFileType = file; path = "SinkinSans-900XBlackItalic.ttf"; sourceTree = "<group>"; };
		BFB7FC1720483CE0000522E8 /* SinkinSans-200XLightItalic.ttf */ = {isa = PBXFileReference; lastKnownFileType = file; path = "SinkinSans-200XLightItalic.ttf"; sourceTree = "<group>"; };
		BFB7FC1820483CE1000522E8 /* SinkinSans-400Italic.ttf */ = {isa = PBXFileReference; lastKnownFileType = file; path = "SinkinSans-400Italic.ttf"; sourceTree = "<group>"; };
		BFB7FC1920483CE1000522E8 /* SinkinSans-700Bold.ttf */ = {isa = PBXFileReference; lastKnownFileType = file; path = "SinkinSans-700Bold.ttf"; sourceTree = "<group>"; };
		BFB7FC1A20483CE2000522E8 /* SinkinSans-900XBlack.ttf */ = {isa = PBXFileReference; lastKnownFileType = file; path = "SinkinSans-900XBlack.ttf"; sourceTree = "<group>"; };
		BFB7FC1B20483CE2000522E8 /* SinkinSans-600SemiBold.ttf */ = {isa = PBXFileReference; lastKnownFileType = file; path = "SinkinSans-600SemiBold.ttf"; sourceTree = "<group>"; };
		BFB7FC2E204895ED000522E8 /* ViewControllerTableViewCell.swift */ = {isa = PBXFileReference; lastKnownFileType = sourcecode.swift; path = ViewControllerTableViewCell.swift; sourceTree = "<group>"; };
		BFB7FC3420490101000522E8 /* OutletsViewController.swift */ = {isa = PBXFileReference; lastKnownFileType = sourcecode.swift; path = OutletsViewController.swift; sourceTree = "<group>"; };
		BFC2E58F206766F50031836C /* FavouritesViewController.swift */ = {isa = PBXFileReference; lastKnownFileType = sourcecode.swift; path = FavouritesViewController.swift; sourceTree = "<group>"; };
		BFCAD90F206A0518004F6742 /* UsedOffersViewController.swift */ = {isa = PBXFileReference; lastKnownFileType = sourcecode.swift; path = UsedOffersViewController.swift; sourceTree = "<group>"; };
		BFDC2B1B20697FF400F22300 /* SearchResultsViewController.swift */ = {isa = PBXFileReference; lastKnownFileType = sourcecode.swift; path = SearchResultsViewController.swift; sourceTree = "<group>"; };
		BFF6263D205AFBF7000F9CAE /* RedeemSuccessViewController.swift */ = {isa = PBXFileReference; lastKnownFileType = sourcecode.swift; path = RedeemSuccessViewController.swift; sourceTree = "<group>"; };
		BFF62641205B8FD8000F9CAE /* OutletLocationViewController.swift */ = {isa = PBXFileReference; lastKnownFileType = sourcecode.swift; path = OutletLocationViewController.swift; sourceTree = "<group>"; };
		BFFA8955205C592100FC55B2 /* Extensions.swift */ = {isa = PBXFileReference; lastKnownFileType = sourcecode.swift; path = Extensions.swift; sourceTree = "<group>"; };
/* End PBXFileReference section */

/* Begin PBXFrameworksBuildPhase section */
		BFB7FBCD204832BC000522E8 /* Frameworks */ = {
			isa = PBXFrameworksBuildPhase;
			buildActionMask = 2147483647;
			files = (
				BFB7FC032048350B000522E8 /* MapKit.framework in Frameworks */,
			);
			runOnlyForDeploymentPostprocessing = 0;
		};
		BFB7FBE1204832BC000522E8 /* Frameworks */ = {
			isa = PBXFrameworksBuildPhase;
			buildActionMask = 2147483647;
			files = (
			);
			runOnlyForDeploymentPostprocessing = 0;
		};
		BFB7FBEC204832BC000522E8 /* Frameworks */ = {
			isa = PBXFrameworksBuildPhase;
			buildActionMask = 2147483647;
			files = (
			);
			runOnlyForDeploymentPostprocessing = 0;
		};
/* End PBXFrameworksBuildPhase section */

/* Begin PBXGroup section */
		BFB7FBC7204832BC000522E8 = {
			isa = PBXGroup;
			children = (
				BFB7FC0720483BEF000522E8 /* Fonts */,
				BFB7FBD2204832BC000522E8 /* Access Algarve */,
				BFB7FBE7204832BC000522E8 /* Access AlgarveTests */,
				BFB7FBF2204832BC000522E8 /* Access AlgarveUITests */,
				BFB7FBD1204832BC000522E8 /* Products */,
				BFB7FC012048350B000522E8 /* Frameworks */,
			);
			sourceTree = "<group>";
		};
		BFB7FBD1204832BC000522E8 /* Products */ = {
			isa = PBXGroup;
			children = (
				BFB7FBD0204832BC000522E8 /* Access Algarve.app */,
				BFB7FBE4204832BC000522E8 /* Access AlgarveTests.xctest */,
				BFB7FBEF204832BC000522E8 /* Access AlgarveUITests.xctest */,
			);
			name = Products;
			sourceTree = "<group>";
		};
		BFB7FBD2204832BC000522E8 /* Access Algarve */ = {
			isa = PBXGroup;
			children = (
				BFB7FBD3204832BC000522E8 /* AppDelegate.swift */,
				BF3C80F4205D7DF1000FBCF8 /* LoginViewController.swift */,
				BFB7FBD5204832BC000522E8 /* ViewController.swift */,
				BFB7FC3420490101000522E8 /* OutletsViewController.swift */,
				BF32B63B206C64B00054E5C2 /* OutletsLocationViewController.swift */,
				BF7515A4204F127C003591C0 /* OutletDetailsViewController.swift */,
				BFF62641205B8FD8000F9CAE /* OutletLocationViewController.swift */,
				BF388F7B205783F400117674 /* RedeemViewController.swift */,
				BF388F7D20579FB900117674 /* RedeemPinUserViewController.swift */,
				BF388F7F2057BBDD00117674 /* RedeemPinOutletViewController.swift */,
				BFF6263D205AFBF7000F9CAE /* RedeemSuccessViewController.swift */,
				BF34B566206BE16C0064C184 /* BlockedOfferViewController.swift */,
				BFDC2B1B20697FF400F22300 /* SearchResultsViewController.swift */,
				BFA519082060757A0098859B /* CreateAccountViewController.swift */,
				BFA5190A206088440098859B /* SetUserPinViewController.swift */,
				BFA5190E2061774E0098859B /* SelectLocationsViewController.swift */,
				BF85BB8F2062BFBA0089A9ED /* SelectInitialOffersViewController.swift */,
				BF85BB912063DF990089A9ED /* ViewSavingsViewController.swift */,
				BF85BB97206422FB0089A9ED /* UserProfileViewController.swift */,
				BF837075205E13A9003B8D21 /* SettingsViewController.swift */,
				BFCAD90F206A0518004F6742 /* UsedOffersViewController.swift */,
				BF834FA2206AAC8C00A1556D /* PurchaseHistoryViewController.swift */,
				BF85BB95206411610089A9ED /* ResetPinViewController.swift */,
				BF85BB93206401540089A9ED /* ForgotPasswordViewController.swift */,
				BFC2E58F206766F50031836C /* FavouritesViewController.swift */,
				BF85BB99206440530089A9ED /* CartViewController.swift */,
				659AC37A2067F81200C3535B /* NotificationsViewController.swift */,
				BFB7FC2E204895ED000522E8 /* ViewControllerTableViewCell.swift */,
				BFA5190C206175EA0098859B /* LocationsTableViewCell.swift */,
				659AC37E2068119300C3535B /* NotificationsTableViewCell.swift */,
				BF834FA0206AAB4B00A1556D /* PurchaseHistoryTableViewCell.swift */,
				BF32B639206C3A670054E5C2 /* AmenityCollectionViewCell.swift */,
				BF75159E204E497A003591C0 /* DatabaseExtension.swift */,
				BFFA8955205C592100FC55B2 /* Extensions.swift */,
				BFB7FBD7204832BC000522E8 /* Main.storyboard */,
				BFB7FBDA204832BC000522E8 /* Assets.xcassets */,
				BFB7FBDC204832BC000522E8 /* LaunchScreen.storyboard */,
				BFB7FBDF204832BC000522E8 /* Info.plist */,
			);
			path = "Access Algarve";
			sourceTree = "<group>";
		};
		BFB7FBE7204832BC000522E8 /* Access AlgarveTests */ = {
			isa = PBXGroup;
			children = (
				BFB7FBE8204832BC000522E8 /* Access_Algarve_LightTests.swift */,
				BFB7FBEA204832BC000522E8 /* Info.plist */,
			);
			path = "Access AlgarveTests";
			sourceTree = "<group>";
		};
		BFB7FBF2204832BC000522E8 /* Access AlgarveUITests */ = {
			isa = PBXGroup;
			children = (
				BFB7FBF3204832BC000522E8 /* Access_Algarve_LightUITests.swift */,
				BFB7FBF5204832BC000522E8 /* Info.plist */,
			);
			path = "Access AlgarveUITests";
			sourceTree = "<group>";
		};
		BFB7FC012048350B000522E8 /* Frameworks */ = {
			isa = PBXGroup;
			children = (
				BFB7FC022048350B000522E8 /* MapKit.framework */,
			);
			name = Frameworks;
			sourceTree = "<group>";
		};
		BFB7FC0720483BEF000522E8 /* Fonts */ = {
			isa = PBXGroup;
			children = (
				BFB7FC1420483CDE000522E8 /* SinkinSans-100Thin.ttf */,
				BFB7FC0B20483CDA000522E8 /* SinkinSans-100ThinItalic.ttf */,
				BFB7FC0F20483CDC000522E8 /* SinkinSans-200XLight.ttf */,
				BFB7FC1720483CE0000522E8 /* SinkinSans-200XLightItalic.ttf */,
				BFB7FC1320483CDE000522E8 /* SinkinSans-300Light.ttf */,
				BFB7FC1520483CDF000522E8 /* SinkinSans-300LightItalic.ttf */,
				BFB7FC1820483CE1000522E8 /* SinkinSans-400Italic.ttf */,
				BFB7FC1120483CDC000522E8 /* SinkinSans-400Regular.ttf */,
				BFB7FC0C20483CDA000522E8 /* SinkinSans-500Medium.ttf */,
				BFB7FC0A20483CD9000522E8 /* SinkinSans-500MediumItalic.ttf */,
				BFB7FC1B20483CE2000522E8 /* SinkinSans-600SemiBold.ttf */,
				BFB7FC0D20483CDA000522E8 /* SinkinSans-600SemiBoldItali.ttf */,
				BFB7FC1920483CE1000522E8 /* SinkinSans-700Bold.ttf */,
				BFB7FC0E20483CDB000522E8 /* SinkinSans-700BoldItalic.ttf */,
				BFB7FC1020483CDC000522E8 /* SinkinSans-800Black.ttf */,
				BFB7FC1220483CDD000522E8 /* SinkinSans-800BlackItalic.ttf */,
				BFB7FC1A20483CE2000522E8 /* SinkinSans-900XBlack.ttf */,
				BFB7FC1620483CE0000522E8 /* SinkinSans-900XBlackItalic.ttf */,
				BFB7FC0820483C21000522E8 /* JennaSue.ttf */,
			);
			path = Fonts;
			sourceTree = "<group>";
		};
/* End PBXGroup section */

/* Begin PBXNativeTarget section */
		BFB7FBCF204832BC000522E8 /* Access Algarve */ = {
			isa = PBXNativeTarget;
			buildConfigurationList = BFB7FBF8204832BC000522E8 /* Build configuration list for PBXNativeTarget "Access Algarve" */;
			buildPhases = (
				BFB7FBCC204832BC000522E8 /* Sources */,
				BFB7FBCD204832BC000522E8 /* Frameworks */,
				BFB7FBCE204832BC000522E8 /* Resources */,
			);
			buildRules = (
			);
			dependencies = (
			);
			name = "Access Algarve";
			productName = "Access Algarve Light";
			productReference = BFB7FBD0204832BC000522E8 /* Access Algarve.app */;
			productType = "com.apple.product-type.application";
		};
		BFB7FBE3204832BC000522E8 /* Access AlgarveTests */ = {
			isa = PBXNativeTarget;
			buildConfigurationList = BFB7FBFB204832BC000522E8 /* Build configuration list for PBXNativeTarget "Access AlgarveTests" */;
			buildPhases = (
				BFB7FBE0204832BC000522E8 /* Sources */,
				BFB7FBE1204832BC000522E8 /* Frameworks */,
				BFB7FBE2204832BC000522E8 /* Resources */,
			);
			buildRules = (
			);
			dependencies = (
				BFB7FBE6204832BC000522E8 /* PBXTargetDependency */,
			);
			name = "Access AlgarveTests";
			productName = "Access Algarve LightTests";
			productReference = BFB7FBE4204832BC000522E8 /* Access AlgarveTests.xctest */;
			productType = "com.apple.product-type.bundle.unit-test";
		};
		BFB7FBEE204832BC000522E8 /* Access AlgarveUITests */ = {
			isa = PBXNativeTarget;
			buildConfigurationList = BFB7FBFE204832BC000522E8 /* Build configuration list for PBXNativeTarget "Access AlgarveUITests" */;
			buildPhases = (
				BFB7FBEB204832BC000522E8 /* Sources */,
				BFB7FBEC204832BC000522E8 /* Frameworks */,
				BFB7FBED204832BC000522E8 /* Resources */,
			);
			buildRules = (
			);
			dependencies = (
				BFB7FBF1204832BC000522E8 /* PBXTargetDependency */,
			);
			name = "Access AlgarveUITests";
			productName = "Access Algarve LightUITests";
			productReference = BFB7FBEF204832BC000522E8 /* Access AlgarveUITests.xctest */;
			productType = "com.apple.product-type.bundle.ui-testing";
		};
/* End PBXNativeTarget section */

/* Begin PBXProject section */
		BFB7FBC8204832BC000522E8 /* Project object */ = {
			isa = PBXProject;
			attributes = {
				LastSwiftUpdateCheck = 0920;
				LastUpgradeCheck = 0920;
				ORGANIZATIONNAME = "Daniel Santos";
				TargetAttributes = {
					BFB7FBCF204832BC000522E8 = {
						CreatedOnToolsVersion = 9.2;
						ProvisioningStyle = Automatic;
						SystemCapabilities = {
							com.apple.Maps.iOS = {
								enabled = 1;
							};
						};
					};
					BFB7FBE3204832BC000522E8 = {
						CreatedOnToolsVersion = 9.2;
						ProvisioningStyle = Automatic;
						TestTargetID = BFB7FBCF204832BC000522E8;
					};
					BFB7FBEE204832BC000522E8 = {
						CreatedOnToolsVersion = 9.2;
						ProvisioningStyle = Automatic;
						TestTargetID = BFB7FBCF204832BC000522E8;
					};
				};
			};
			buildConfigurationList = BFB7FBCB204832BC000522E8 /* Build configuration list for PBXProject "Access Algarve" */;
			compatibilityVersion = "Xcode 8.0";
			developmentRegion = en;
			hasScannedForEncodings = 0;
			knownRegions = (
				en,
				Base,
			);
			mainGroup = BFB7FBC7204832BC000522E8;
			productRefGroup = BFB7FBD1204832BC000522E8 /* Products */;
			projectDirPath = "";
			projectRoot = "";
			targets = (
				BFB7FBCF204832BC000522E8 /* Access Algarve */,
				BFB7FBE3204832BC000522E8 /* Access AlgarveTests */,
				BFB7FBEE204832BC000522E8 /* Access AlgarveUITests */,
			);
		};
/* End PBXProject section */

/* Begin PBXResourcesBuildPhase section */
		BFB7FBCE204832BC000522E8 /* Resources */ = {
			isa = PBXResourcesBuildPhase;
			buildActionMask = 2147483647;
			files = (
				BFB7FC2820483CE3000522E8 /* SinkinSans-900XBlackItalic.ttf in Resources */,
				BFB7FC2420483CE3000522E8 /* SinkinSans-800BlackItalic.ttf in Resources */,
				BFB7FBDE204832BC000522E8 /* LaunchScreen.storyboard in Resources */,
				BFB7FC2020483CE3000522E8 /* SinkinSans-700BoldItalic.ttf in Resources */,
				BFB7FC2B20483CE3000522E8 /* SinkinSans-700Bold.ttf in Resources */,
				BFB7FC1F20483CE3000522E8 /* SinkinSans-600SemiBoldItali.ttf in Resources */,
				BFB7FC1C20483CE2000522E8 /* SinkinSans-500MediumItalic.ttf in Resources */,
				BFB7FC2120483CE3000522E8 /* SinkinSans-200XLight.ttf in Resources */,
				BFB7FC2620483CE3000522E8 /* SinkinSans-100Thin.ttf in Resources */,
				BFB7FC0920483C21000522E8 /* JennaSue.ttf in Resources */,
				BFB7FC2720483CE3000522E8 /* SinkinSans-300LightItalic.ttf in Resources */,
				BFB7FC2920483CE3000522E8 /* SinkinSans-200XLightItalic.ttf in Resources */,
				BFB7FBDB204832BC000522E8 /* Assets.xcassets in Resources */,
				BFB7FC2520483CE3000522E8 /* SinkinSans-300Light.ttf in Resources */,
				BFB7FC2A20483CE3000522E8 /* SinkinSans-400Italic.ttf in Resources */,
				BFB7FC2D20483CE3000522E8 /* SinkinSans-600SemiBold.ttf in Resources */,
				BFB7FC1D20483CE2000522E8 /* SinkinSans-100ThinItalic.ttf in Resources */,
				BFB7FC1E20483CE2000522E8 /* SinkinSans-500Medium.ttf in Resources */,
				BFB7FC2320483CE3000522E8 /* SinkinSans-400Regular.ttf in Resources */,
				BFB7FBD9204832BC000522E8 /* Main.storyboard in Resources */,
				BFB7FC2220483CE3000522E8 /* SinkinSans-800Black.ttf in Resources */,
				BFB7FC2C20483CE3000522E8 /* SinkinSans-900XBlack.ttf in Resources */,
			);
			runOnlyForDeploymentPostprocessing = 0;
		};
		BFB7FBE2204832BC000522E8 /* Resources */ = {
			isa = PBXResourcesBuildPhase;
			buildActionMask = 2147483647;
			files = (
			);
			runOnlyForDeploymentPostprocessing = 0;
		};
		BFB7FBED204832BC000522E8 /* Resources */ = {
			isa = PBXResourcesBuildPhase;
			buildActionMask = 2147483647;
			files = (
			);
			runOnlyForDeploymentPostprocessing = 0;
		};
/* End PBXResourcesBuildPhase section */

/* Begin PBXSourcesBuildPhase section */
		BFB7FBCC204832BC000522E8 /* Sources */ = {
			isa = PBXSourcesBuildPhase;
			buildActionMask = 2147483647;
			files = (
				BF34B567206BE16C0064C184 /* BlockedOfferViewController.swift in Sources */,
				BFA519092060757A0098859B /* CreateAccountViewController.swift in Sources */,
				BF85BB902062BFBA0089A9ED /* SelectInitialOffersViewController.swift in Sources */,
				BF388F7E20579FB900117674 /* RedeemPinUserViewController.swift in Sources */,
				659AC37B2067F81200C3535B /* NotificationsViewController.swift in Sources */,
				BF75159F204E497A003591C0 /* DatabaseExtension.swift in Sources */,
				BF834FA3206AAC8C00A1556D /* PurchaseHistoryViewController.swift in Sources */,
				BFDC2B1C20697FF400F22300 /* SearchResultsViewController.swift in Sources */,
				BF85BB9A206440530089A9ED /* CartViewController.swift in Sources */,
				BF32B63A206C3A670054E5C2 /* AmenityCollectionViewCell.swift in Sources */,
				BF85BB98206422FB0089A9ED /* UserProfileViewController.swift in Sources */,
				BF85BB96206411620089A9ED /* ResetPinViewController.swift in Sources */,
				BF3C80F5205D7DF1000FBCF8 /* LoginViewController.swift in Sources */,
				BFCAD910206A0518004F6742 /* UsedOffersViewController.swift in Sources */,
				BFB7FBD6204832BC000522E8 /* ViewController.swift in Sources */,
				BFB7FC3520490101000522E8 /* OutletsViewController.swift in Sources */,
				BFA5190D206175EA0098859B /* LocationsTableViewCell.swift in Sources */,
				BF85BB94206401540089A9ED /* ForgotPasswordViewController.swift in Sources */,
				BFA5190F2061774E0098859B /* SelectLocationsViewController.swift in Sources */,
				BF837076205E13A9003B8D21 /* SettingsViewController.swift in Sources */,
				BFB7FBD4204832BC000522E8 /* AppDelegate.swift in Sources */,
				BFB7FC2F204895ED000522E8 /* ViewControllerTableViewCell.swift in Sources */,
				BF834FA1206AAB4B00A1556D /* PurchaseHistoryTableViewCell.swift in Sources */,
				BF388F7C205783F400117674 /* RedeemViewController.swift in Sources */,
				BFA5190B206088440098859B /* SetUserPinViewController.swift in Sources */,
				BF7515A5204F127C003591C0 /* OutletDetailsViewController.swift in Sources */,
				BF32B63C206C64B00054E5C2 /* OutletsLocationViewController.swift in Sources */,
				BFF62642205B8FD8000F9CAE /* OutletLocationViewController.swift in Sources */,
				BFF6263E205AFBF7000F9CAE /* RedeemSuccessViewController.swift in Sources */,
				BF388F802057BBDD00117674 /* RedeemPinOutletViewController.swift in Sources */,
				BFFA8956205C592100FC55B2 /* Extensions.swift in Sources */,
				659AC37F2068119300C3535B /* NotificationsTableViewCell.swift in Sources */,
				BFC2E590206766F50031836C /* FavouritesViewController.swift in Sources */,
				BF85BB922063DF990089A9ED /* ViewSavingsViewController.swift in Sources */,
			);
			runOnlyForDeploymentPostprocessing = 0;
		};
		BFB7FBE0204832BC000522E8 /* Sources */ = {
			isa = PBXSourcesBuildPhase;
			buildActionMask = 2147483647;
			files = (
				BFB7FBE9204832BC000522E8 /* Access_Algarve_LightTests.swift in Sources */,
			);
			runOnlyForDeploymentPostprocessing = 0;
		};
		BFB7FBEB204832BC000522E8 /* Sources */ = {
			isa = PBXSourcesBuildPhase;
			buildActionMask = 2147483647;
			files = (
				BFB7FBF4204832BC000522E8 /* Access_Algarve_LightUITests.swift in Sources */,
			);
			runOnlyForDeploymentPostprocessing = 0;
		};
/* End PBXSourcesBuildPhase section */

/* Begin PBXTargetDependency section */
		BFB7FBE6204832BC000522E8 /* PBXTargetDependency */ = {
			isa = PBXTargetDependency;
			target = BFB7FBCF204832BC000522E8 /* Access Algarve */;
			targetProxy = BFB7FBE5204832BC000522E8 /* PBXContainerItemProxy */;
		};
		BFB7FBF1204832BC000522E8 /* PBXTargetDependency */ = {
			isa = PBXTargetDependency;
			target = BFB7FBCF204832BC000522E8 /* Access Algarve */;
			targetProxy = BFB7FBF0204832BC000522E8 /* PBXContainerItemProxy */;
		};
/* End PBXTargetDependency section */

/* Begin PBXVariantGroup section */
		BFB7FBD7204832BC000522E8 /* Main.storyboard */ = {
			isa = PBXVariantGroup;
			children = (
				BFB7FBD8204832BC000522E8 /* Base */,
			);
			name = Main.storyboard;
			sourceTree = "<group>";
		};
		BFB7FBDC204832BC000522E8 /* LaunchScreen.storyboard */ = {
			isa = PBXVariantGroup;
			children = (
				BFB7FBDD204832BC000522E8 /* Base */,
			);
			name = LaunchScreen.storyboard;
			sourceTree = "<group>";
		};
/* End PBXVariantGroup section */

/* Begin XCBuildConfiguration section */
		BFB7FBF6204832BC000522E8 /* Debug */ = {
			isa = XCBuildConfiguration;
			buildSettings = {
				ALWAYS_SEARCH_USER_PATHS = NO;
				CLANG_ANALYZER_NONNULL = YES;
				CLANG_ANALYZER_NUMBER_OBJECT_CONVERSION = YES_AGGRESSIVE;
				CLANG_CXX_LANGUAGE_STANDARD = "gnu++14";
				CLANG_CXX_LIBRARY = "libc++";
				CLANG_ENABLE_MODULES = YES;
				CLANG_ENABLE_OBJC_ARC = YES;
				CLANG_WARN_BLOCK_CAPTURE_AUTORELEASING = YES;
				CLANG_WARN_BOOL_CONVERSION = YES;
				CLANG_WARN_COMMA = YES;
				CLANG_WARN_CONSTANT_CONVERSION = YES;
				CLANG_WARN_DIRECT_OBJC_ISA_USAGE = YES_ERROR;
				CLANG_WARN_DOCUMENTATION_COMMENTS = YES;
				CLANG_WARN_EMPTY_BODY = YES;
				CLANG_WARN_ENUM_CONVERSION = YES;
				CLANG_WARN_INFINITE_RECURSION = YES;
				CLANG_WARN_INT_CONVERSION = YES;
				CLANG_WARN_NON_LITERAL_NULL_CONVERSION = YES;
				CLANG_WARN_OBJC_LITERAL_CONVERSION = YES;
				CLANG_WARN_OBJC_ROOT_CLASS = YES_ERROR;
				CLANG_WARN_RANGE_LOOP_ANALYSIS = YES;
				CLANG_WARN_STRICT_PROTOTYPES = YES;
				CLANG_WARN_SUSPICIOUS_MOVE = YES;
				CLANG_WARN_UNGUARDED_AVAILABILITY = YES_AGGRESSIVE;
				CLANG_WARN_UNREACHABLE_CODE = YES;
				CLANG_WARN__DUPLICATE_METHOD_MATCH = YES;
				CODE_SIGN_IDENTITY = "iPhone Developer";
				COPY_PHASE_STRIP = NO;
				DEBUG_INFORMATION_FORMAT = dwarf;
				ENABLE_STRICT_OBJC_MSGSEND = YES;
				ENABLE_TESTABILITY = YES;
				GCC_C_LANGUAGE_STANDARD = gnu11;
				GCC_DYNAMIC_NO_PIC = NO;
				GCC_NO_COMMON_BLOCKS = YES;
				GCC_OPTIMIZATION_LEVEL = 0;
				GCC_PREPROCESSOR_DEFINITIONS = (
					"DEBUG=1",
					"$(inherited)",
				);
				GCC_WARN_64_TO_32_BIT_CONVERSION = YES;
				GCC_WARN_ABOUT_RETURN_TYPE = YES_ERROR;
				GCC_WARN_UNDECLARED_SELECTOR = YES;
				GCC_WARN_UNINITIALIZED_AUTOS = YES_AGGRESSIVE;
				GCC_WARN_UNUSED_FUNCTION = YES;
				GCC_WARN_UNUSED_VARIABLE = YES;
				IPHONEOS_DEPLOYMENT_TARGET = 11.2;
				MTL_ENABLE_DEBUG_INFO = YES;
				ONLY_ACTIVE_ARCH = YES;
				SDKROOT = iphoneos;
				SWIFT_ACTIVE_COMPILATION_CONDITIONS = DEBUG;
				SWIFT_OPTIMIZATION_LEVEL = "-Onone";
			};
			name = Debug;
		};
		BFB7FBF7204832BC000522E8 /* Release */ = {
			isa = XCBuildConfiguration;
			buildSettings = {
				ALWAYS_SEARCH_USER_PATHS = NO;
				CLANG_ANALYZER_NONNULL = YES;
				CLANG_ANALYZER_NUMBER_OBJECT_CONVERSION = YES_AGGRESSIVE;
				CLANG_CXX_LANGUAGE_STANDARD = "gnu++14";
				CLANG_CXX_LIBRARY = "libc++";
				CLANG_ENABLE_MODULES = YES;
				CLANG_ENABLE_OBJC_ARC = YES;
				CLANG_WARN_BLOCK_CAPTURE_AUTORELEASING = YES;
				CLANG_WARN_BOOL_CONVERSION = YES;
				CLANG_WARN_COMMA = YES;
				CLANG_WARN_CONSTANT_CONVERSION = YES;
				CLANG_WARN_DIRECT_OBJC_ISA_USAGE = YES_ERROR;
				CLANG_WARN_DOCUMENTATION_COMMENTS = YES;
				CLANG_WARN_EMPTY_BODY = YES;
				CLANG_WARN_ENUM_CONVERSION = YES;
				CLANG_WARN_INFINITE_RECURSION = YES;
				CLANG_WARN_INT_CONVERSION = YES;
				CLANG_WARN_NON_LITERAL_NULL_CONVERSION = YES;
				CLANG_WARN_OBJC_LITERAL_CONVERSION = YES;
				CLANG_WARN_OBJC_ROOT_CLASS = YES_ERROR;
				CLANG_WARN_RANGE_LOOP_ANALYSIS = YES;
				CLANG_WARN_STRICT_PROTOTYPES = YES;
				CLANG_WARN_SUSPICIOUS_MOVE = YES;
				CLANG_WARN_UNGUARDED_AVAILABILITY = YES_AGGRESSIVE;
				CLANG_WARN_UNREACHABLE_CODE = YES;
				CLANG_WARN__DUPLICATE_METHOD_MATCH = YES;
				CODE_SIGN_IDENTITY = "iPhone Developer";
				COPY_PHASE_STRIP = NO;
				DEBUG_INFORMATION_FORMAT = "dwarf-with-dsym";
				ENABLE_NS_ASSERTIONS = NO;
				ENABLE_STRICT_OBJC_MSGSEND = YES;
				GCC_C_LANGUAGE_STANDARD = gnu11;
				GCC_NO_COMMON_BLOCKS = YES;
				GCC_WARN_64_TO_32_BIT_CONVERSION = YES;
				GCC_WARN_ABOUT_RETURN_TYPE = YES_ERROR;
				GCC_WARN_UNDECLARED_SELECTOR = YES;
				GCC_WARN_UNINITIALIZED_AUTOS = YES_AGGRESSIVE;
				GCC_WARN_UNUSED_FUNCTION = YES;
				GCC_WARN_UNUSED_VARIABLE = YES;
				IPHONEOS_DEPLOYMENT_TARGET = 11.2;
				MTL_ENABLE_DEBUG_INFO = NO;
				SDKROOT = iphoneos;
				SWIFT_OPTIMIZATION_LEVEL = "-Owholemodule";
				VALIDATE_PRODUCT = YES;
			};
			name = Release;
		};
		BFB7FBF9204832BC000522E8 /* Debug */ = {
			isa = XCBuildConfiguration;
			buildSettings = {
				ASSETCATALOG_COMPILER_APPICON_NAME = AppIcon;
				CODE_SIGN_STYLE = Automatic;
				DEVELOPMENT_TEAM = 62DFZMQT4A;
				INFOPLIST_FILE = "$(SRCROOT)/Access Algarve/Info.plist";
				LD_RUNPATH_SEARCH_PATHS = "$(inherited) @executable_path/Frameworks";
				PRODUCT_BUNDLE_IDENTIFIER = com.gmail.danielriosantos.AccessAlgarve;
				PRODUCT_NAME = "$(TARGET_NAME)";
				SWIFT_VERSION = 4.0;
				TARGETED_DEVICE_FAMILY = "1,2";
			};
			name = Debug;
		};
		BFB7FBFA204832BC000522E8 /* Release */ = {
			isa = XCBuildConfiguration;
			buildSettings = {
				ASSETCATALOG_COMPILER_APPICON_NAME = AppIcon;
				CODE_SIGN_STYLE = Automatic;
				DEVELOPMENT_TEAM = 62DFZMQT4A;
				INFOPLIST_FILE = "$(SRCROOT)/Access Algarve/Info.plist";
				LD_RUNPATH_SEARCH_PATHS = "$(inherited) @executable_path/Frameworks";
				PRODUCT_BUNDLE_IDENTIFIER = com.gmail.danielriosantos.AccessAlgarve;
				PRODUCT_NAME = "$(TARGET_NAME)";
				SWIFT_VERSION = 4.0;
				TARGETED_DEVICE_FAMILY = "1,2";
			};
			name = Release;
		};
		BFB7FBFC204832BC000522E8 /* Debug */ = {
			isa = XCBuildConfiguration;
			buildSettings = {
				ALWAYS_EMBED_SWIFT_STANDARD_LIBRARIES = YES;
				BUNDLE_LOADER = "$(TEST_HOST)";
				CODE_SIGN_STYLE = Automatic;
				DEVELOPMENT_TEAM = 62DFZMQT4A;
				INFOPLIST_FILE = "Access Algarve LightTests/Info.plist";
				LD_RUNPATH_SEARCH_PATHS = "$(inherited) @executable_path/Frameworks @loader_path/Frameworks";
				PRODUCT_BUNDLE_IDENTIFIER = "com.gmail.danielriosantos.Access-Algarve-LightTests";
				PRODUCT_NAME = "$(TARGET_NAME)";
				SWIFT_VERSION = 4.0;
				TARGETED_DEVICE_FAMILY = "1,2";
				TEST_HOST = "$(BUILT_PRODUCTS_DIR)/Access Algarve.app/Access Algarve";
			};
			name = Debug;
		};
		BFB7FBFD204832BC000522E8 /* Release */ = {
			isa = XCBuildConfiguration;
			buildSettings = {
				ALWAYS_EMBED_SWIFT_STANDARD_LIBRARIES = YES;
				BUNDLE_LOADER = "$(TEST_HOST)";
				CODE_SIGN_STYLE = Automatic;
				DEVELOPMENT_TEAM = 62DFZMQT4A;
				INFOPLIST_FILE = "Access Algarve LightTests/Info.plist";
				LD_RUNPATH_SEARCH_PATHS = "$(inherited) @executable_path/Frameworks @loader_path/Frameworks";
				PRODUCT_BUNDLE_IDENTIFIER = "com.gmail.danielriosantos.Access-Algarve-LightTests";
				PRODUCT_NAME = "$(TARGET_NAME)";
				SWIFT_VERSION = 4.0;
				TARGETED_DEVICE_FAMILY = "1,2";
				TEST_HOST = "$(BUILT_PRODUCTS_DIR)/Access Algarve.app/Access Algarve";
			};
			name = Release;
		};
		BFB7FBFF204832BC000522E8 /* Debug */ = {
			isa = XCBuildConfiguration;
			buildSettings = {
				ALWAYS_EMBED_SWIFT_STANDARD_LIBRARIES = YES;
				CODE_SIGN_STYLE = Automatic;
				DEVELOPMENT_TEAM = 62DFZMQT4A;
				INFOPLIST_FILE = "Access Algarve LightUITests/Info.plist";
				LD_RUNPATH_SEARCH_PATHS = "$(inherited) @executable_path/Frameworks @loader_path/Frameworks";
				PRODUCT_BUNDLE_IDENTIFIER = "com.gmail.danielriosantos.Access-Algarve-LightUITests";
				PRODUCT_NAME = "$(TARGET_NAME)";
				SWIFT_VERSION = 4.0;
				TARGETED_DEVICE_FAMILY = "1,2";
				TEST_TARGET_NAME = "Access Algarve Light";
			};
			name = Debug;
		};
		BFB7FC00204832BC000522E8 /* Release */ = {
			isa = XCBuildConfiguration;
			buildSettings = {
				ALWAYS_EMBED_SWIFT_STANDARD_LIBRARIES = YES;
				CODE_SIGN_STYLE = Automatic;
				DEVELOPMENT_TEAM = 62DFZMQT4A;
				INFOPLIST_FILE = "Access Algarve LightUITests/Info.plist";
				LD_RUNPATH_SEARCH_PATHS = "$(inherited) @executable_path/Frameworks @loader_path/Frameworks";
				PRODUCT_BUNDLE_IDENTIFIER = "com.gmail.danielriosantos.Access-Algarve-LightUITests";
				PRODUCT_NAME = "$(TARGET_NAME)";
				SWIFT_VERSION = 4.0;
				TARGETED_DEVICE_FAMILY = "1,2";
				TEST_TARGET_NAME = "Access Algarve Light";
			};
			name = Release;
		};
/* End XCBuildConfiguration section */

/* Begin XCConfigurationList section */
		BFB7FBCB204832BC000522E8 /* Build configuration list for PBXProject "Access Algarve" */ = {
			isa = XCConfigurationList;
			buildConfigurations = (
				BFB7FBF6204832BC000522E8 /* Debug */,
				BFB7FBF7204832BC000522E8 /* Release */,
			);
			defaultConfigurationIsVisible = 0;
			defaultConfigurationName = Release;
		};
		BFB7FBF8204832BC000522E8 /* Build configuration list for PBXNativeTarget "Access Algarve" */ = {
			isa = XCConfigurationList;
			buildConfigurations = (
				BFB7FBF9204832BC000522E8 /* Debug */,
				BFB7FBFA204832BC000522E8 /* Release */,
			);
			defaultConfigurationIsVisible = 0;
			defaultConfigurationName = Release;
		};
		BFB7FBFB204832BC000522E8 /* Build configuration list for PBXNativeTarget "Access AlgarveTests" */ = {
			isa = XCConfigurationList;
			buildConfigurations = (
				BFB7FBFC204832BC000522E8 /* Debug */,
				BFB7FBFD204832BC000522E8 /* Release */,
			);
			defaultConfigurationIsVisible = 0;
			defaultConfigurationName = Release;
		};
		BFB7FBFE204832BC000522E8 /* Build configuration list for PBXNativeTarget "Access AlgarveUITests" */ = {
			isa = XCConfigurationList;
			buildConfigurations = (
				BFB7FBFF204832BC000522E8 /* Debug */,
				BFB7FC00204832BC000522E8 /* Release */,
			);
			defaultConfigurationIsVisible = 0;
			defaultConfigurationName = Release;
		};
/* End XCConfigurationList section */
	};
	rootObject = BFB7FBC8204832BC000522E8 /* Project object */;
}
